
Microsoft Visual Studio Solution File, Format Version 12.00
# Visual Studio Version 16
VisualStudioVersion = 16.0.30225.117
MinimumVisualStudioVersion = 10.0.40219.1
Project("{FAE04EC0-301F-11D3-BF4B-00C04F79EFBC}") = "TwentyOne", "TwentyOne\TwentyOne.csproj", "{5C37CA3E-6A9B-4216-822C-7F917ED49EDF}"
EndProject
Global
	GlobalSection(SolutionConfigurationPlatforms) = preSolution
		Debug|Any CPU = Debug|Any CPU
		Release|Any CPU = Release|Any CPU
	EndGlobalSection
	GlobalSection(ProjectConfigurationPlatforms) = postSolution
		{5C37CA3E-6A9B-4216-822C-7F917ED49EDF}.Debug|Any CPU.ActiveCfg = Debug|Any CPU
		{5C37CA3E-6A9B-4216-822C-7F917ED49EDF}.Debug|Any CPU.Build.0 = Debug|Any CPU
		{5C37CA3E-6A9B-4216-822C-7F917ED49EDF}.Release|Any CPU.ActiveCfg = Release|Any CPU
		{5C37CA3E-6A9B-4216-822C-7F917ED49EDF}.Release|Any CPU.Build.0 = Release|Any CPU
	EndGlobalSection
	GlobalSection(SolutionProperties) = preSolution
		HideSolutionNode = FALSE
	EndGlobalSection
	GlobalSection(ExtensibilityGlobals) = postSolution
		SolutionGuid = {1416F7A6-0654-42FB-A149-57B3CF7D7553}
	EndGlobalSection
EndGlobal
